PODS:
  - Alamofire (4.7.2)
  - KeychainAccess (3.1.1)
  - OAuthSwift (1.2.0)
  - OnboardKit (1.0.0)

DEPENDENCIES:
  - Alamofire (~> 4.7)
  - KeychainAccess
  - OAuthSwift (~> 1.2.0)
  - OnboardKit

SPEC REPOS:
  https://github.com/cocoapods/specs.git:
    - Alamofire
    - KeychainAccess
    - OAuthSwift
    - OnboardKit

SPEC CHECKSUMS:
  Alamofire: e4fa87002c137ba2d8d634d2c51fabcda0d5c223
  KeychainAccess: 7bd430028059754a3debab3cfc0bd1fc7fb85df3
  OAuthSwift: 7fd6855b8e4d58eb5a30d156ea9bed7a8aecd1ca
  OnboardKit: 6828f2a4cd8a0f5451f7ebcaa308f84a29df3d1e

PODFILE CHECKSUM: 51586dbadb7c4340ac95bcd0532ff91d2caa80a7

COCOAPODS: 1.5.3
